{
    "_readme": [
        "This file locks the dependencies of your project to a known state",
        "Read more about it at https://getcomposer.org/doc/01-basic-usage.md#installing-dependencies",
        "This file is @generated automatically"
    ],
    "content-hash": "3f9d785ca8c96349e2bd5d74f31af576",
    "packages": [
        {
            "name": "shopimind/sdk-shopimind",
            "version": "V2.0.2",
            "source": {
                "type": "git",
                "url": "https://bitbucket.org/Shopimind/shopimind-api-php-sdk.git",
                "reference": "edda35c9df9c7725d233b5e66214f6cf89011e8f"
            },
            "dist": {
                "type": "zip",
                "url": "https://bitbucket.org/Shopimind/shopimind-api-php-sdk/get/edda35c9df9c7725d233b5e66214f6cf89011e8f.zip",
                "reference": "edda35c9df9c7725d233b5e66214f6cf89011e8f",
                "shasum": ""
            },
            "require": {
                "ext-curl": "*",
                "ext-json": "*",
                "php": ">=5.6"
            },
            "type": "library",
            "autoload": {
                "psr-4": {
                    "Shopimind\\SdkShopimind\\": "src/"
                }
            },
            "notification-url": "https://packagist.org/downloads/",
            "license": [
                "MIT"
            ],
            "authors": [
                {
                    "name": "ShopiMind",
                    "email": "dev@shopimind.com"
                }
            ],
            "description": "Shopimind API SDK for PHP",
            "homepage": "https://bitbucket.org/Shopimind/shopimind-api-php-sdk",
            "support": {
                "source": "https://bitbucket.org/Shopimind/shopimind-api-php-sdk/src/edda35c9df9c7725d233b5e66214f6cf89011e8f/?at=V2.0.2"
            },
            "time": "2026-04-22T19:54:50+00:00"
        },
        {
            "name": "thelia/installer",
            "version": "1.5",
            "source": {
                "type": "git",
                "url": "https://github.com/thelia/installer.git",
                "reference": "30b7a084e64bd3a4ffb290fa6d9bf096b64b2b56"
            },
            "dist": {
                "type": "zip",
                "url": "https://api.github.com/repos/thelia/installer/zipball/30b7a084e64bd3a4ffb290fa6d9bf096b64b2b56",
                "reference": "30b7a084e64bd3a4ffb290fa6d9bf096b64b2b56",
                "shasum": ""
            },
            "require": {
                "composer-plugin-api": "^1.0||^2.0"
            },
            "require-dev": {
                "composer/composer": "1.0.*@dev||2.0.*@dev"
            },
            "type": "composer-plugin",
            "extra": {
                "class": "Thelia\\Composer\\TheliaInstallerPlugin"
            },
            "autoload": {
                "psr-0": {
                    "Thelia\\Composer": "src/"
                }
            },
            "notification-url": "https://packagist.org/downloads/",
            "license": [
                "LGPL-3.0-or-later"
            ],
            "authors": [
                {
                    "name": "Manuel Raynaud",
                    "email": "raynaud.manu@gmail.com",
                    "homepage": "https://github.com/lunika"
                }
            ],
            "description": "custom installer for Thelia.",
            "keywords": [
                "Thelia",
                "Thelia-module",
                "Thelia-template"
            ],
            "support": {
                "issues": "https://github.com/thelia/installer/issues",
                "source": "https://github.com/thelia/installer/tree/1.5"
            },
            "time": "2024-08-12T13:48:42+00:00"
        }
    ],
    "packages-dev": [],
    "aliases": [],
    "minimum-stability": "stable",
    "stability-flags": {},
    "prefer-stable": false,
    "prefer-lowest": false,
    "platform": {},
    "platform-dev": {},
    "plugin-api-version": "2.9.0"
}
